
Microsoft Visual Studio Solution File, Format Version 12.00
# Visual Studio Version 16
VisualStudioVersion = 16.0.31624.102
MinimumVisualStudioVersion = 10.0.40219.1
Project("{FAE04EC0-301F-11D3-BF4B-00C04F79EFBC}") = "Lab1", "Lab1\Lab1.csproj", "{8D53A0A7-CA28-433B-A5D3-FB98D2987C0D}"
EndProject
Global
	GlobalSection(SolutionConfigurationPlatforms) = preSolution
		Debug|Any CPU = Debug|Any CPU
		Release|Any CPU = Release|Any CPU
	EndGlobalSection
	GlobalSection(ProjectConfigurationPlatforms) = postSolution
		{8D53A0A7-CA28-433B-A5D3-FB98D2987C0D}.Debug|Any CPU.ActiveCfg = Debug|Any CPU
		{8D53A0A7-CA28-433B-A5D3-FB98D2987C0D}.Debug|Any CPU.Build.0 = Debug|Any CPU
		{8D53A0A7-CA28-433B-A5D3-FB98D2987C0D}.Release|Any CPU.ActiveCfg = Release|Any CPU
		{8D53A0A7-CA28-433B-A5D3-FB98D2987C0D}.Release|Any CPU.Build.0 = Release|Any CPU
	EndGlobalSection
	GlobalSection(SolutionProperties) = preSolution
		HideSolutionNode = FALSE
	EndGlobalSection
	GlobalSection(ExtensibilityGlobals) = postSolution
		SolutionGuid = {560D5042-D27C-45DE-9346-98D3C9B22F23}
	EndGlobalSection
EndGlobal
